
Microsoft Visual Studio Solution File, Format Version 12.00
# Visual Studio Version 16
VisualStudioVersion = 16.0.30711.63
MinimumVisualStudioVersion = 10.0.40219.1
Project("{FAE04EC0-301F-11D3-BF4B-00C04F79EFBC}") = "WebHookGithub", "WebHookGithub\WebHookGithub.csproj", "{7FB33966-225C-47DC-B44F-83AAD6CC1EAC}"
EndProject
Global
	GlobalSection(SolutionConfigurationPlatforms) = preSolution
		Debug|Any CPU = Debug|Any CPU
		Release|Any CPU = Release|Any CPU
	EndGlobalSection
	GlobalSection(ProjectConfigurationPlatforms) = postSolution
		{7FB33966-225C-47DC-B44F-83AAD6CC1EAC}.Debug|Any CPU.ActiveCfg = Debug|Any CPU
		{7FB33966-225C-47DC-B44F-83AAD6CC1EAC}.Debug|Any CPU.Build.0 = Debug|Any CPU
		{7FB33966-225C-47DC-B44F-83AAD6CC1EAC}.Release|Any CPU.ActiveCfg = Release|Any CPU
		{7FB33966-225C-47DC-B44F-83AAD6CC1EAC}.Release|Any CPU.Build.0 = Release|Any CPU
	EndGlobalSection
	GlobalSection(SolutionProperties) = preSolution
		HideSolutionNode = FALSE
	EndGlobalSection
	GlobalSection(ExtensibilityGlobals) = postSolution
		SolutionGuid = {98042823-6906-429C-874C-7293AA565AE8}
	EndGlobalSection
EndGlobal
